// !$*UTF8*$!
{
	archiveVersion = 1;
	classes = {
	};
	objectVersion = 56;
	objects = {

/* Begin PBXBuildFile section */
		8999CB8E81E97A17E9BF54F0 /* ../ui/dist-ipad in Resources */ = {isa = PBXBuildFile; fileRef = 4B5E57F6EB2F42B9039B3D1E /* ../ui/dist-ipad */; };
		CD1BA1C9604B794D71CD3CB4 /* PioneerCompanionApp.swift in Sources */ = {isa = PBXBuildFile; fileRef = A33603BF79F74B056172D43B /* PioneerCompanionApp.swift */; };
/* End PBXBuildFile section */

/* Begin PBXFileReference section */
		06271BAF49532C879AA3C58B /* Info.plist */ = {isa = PBXFileReference; lastKnownFileType = text.plist.xml; path = Info.plist; sourceTree = "<group>"; };
		17F29B073143D8CD97B5BBE4 /* Bridge.h */ = {isa = PBXFileReference; lastKnownFileType = sourcecode.c.h; path = Bridge.h; sourceTree = "<group>"; };
		4B5E57F6EB2F42B9039B3D1E /* ../ui/dist-ipad */ = {isa = PBXFileReference; lastKnownFileType = folder; path = ../ui/dist-ipad; sourceTree = SOURCE_ROOT; };
		A33603BF79F74B056172D43B /* PioneerCompanionApp.swift */ = {isa = PBXFileReference; lastKnownFileType = sourcecode.swift; path = PioneerCompanionApp.swift; sourceTree = "<group>"; };
		A8792157CB4F27FB949C035F /* PioneerCompanion.app */ = {isa = PBXFileReference; explicitFileType = wrapper.application; includeInIndex = 0; path = PioneerCompanion.app; sourceTree = BUILT_PRODUCTS_DIR; };
/* End PBXFileReference section */

/* Begin PBXFrameworksBuildPhase section */
		E2AA269EB967A8853A258BFA /* Frameworks */ = {
			isa = PBXFrameworksBuildPhase;
			buildActionMask = 2147483647;
			files = (
			);
			runOnlyForDeploymentPostprocessing = 0;
		};
/* End PBXFrameworksBuildPhase section */

/* Begin PBXGroup section */
		0A3E27B8CA818264D75C8D81 /* Products */ = {
			isa = PBXGroup;
			children = (
				A8792157CB4F27FB949C035F /* PioneerCompanion.app */,
			);
			name = Products;
			sourceTree = "<group>";
		};
		0D6E4079E36703EBD37C0072 = {
			isa = PBXGroup;
			children = (
				E17E80AD8E2103CF3FC3FD96 /* App */,
				4B5E57F6EB2F42B9039B3D1E /* ../ui/dist-ipad */,
				0A3E27B8CA818264D75C8D81 /* Products */,
			);
			sourceTree = "<group>";
		};
		E17E80AD8E2103CF3FC3FD96 /* App */ = {
			isa = PBXGroup;
			children = (
				A33603BF79F74B056172D43B /* PioneerCompanionApp.swift */,
				17F29B073143D8CD97B5BBE4 /* Bridge.h */,
				06271BAF49532C879AA3C58B /* Info.plist */,
			);
			path = App;
			sourceTree = "<group>";
		};
/* End PBXGroup section */

/* Begin PBXNativeTarget section */
		34A04005BCAF206EEC990BD9 /* PioneerCompanion */ = {
			isa = PBXNativeTarget;
			buildConfigurationList = DA6C49DB5A7137BA75102BE3 /* Build configuration list for PBXNativeTarget "PioneerCompanion" */;
			buildPhases = (
				21A0270B7F66A1E4C25933F1 /* Build Rust and bundled UI */,
				878A52FC5FF6A57D50B7B870 /* Sources */,
				E2AA269EB967A8853A258BFA /* Frameworks */,
				41D311A605520FC7B8B9A980 /* Resources */,
			);
			buildRules = (
			);
			dependencies = (
			);
			name = PioneerCompanion;
			productName = PioneerCompanion;
			productReference = A8792157CB4F27FB949C035F /* PioneerCompanion.app */;
			productType = "com.apple.product-type.application";
		};
/* End PBXNativeTarget section */

/* Begin PBXProject section */
		244210E48437B6556980A702 /* Project object */ = {
			isa = PBXProject;
			attributes = {
				BuildIndependentTargetsInParallel = YES;
				LastUpgradeCheck = 2630;
			};
			buildConfigurationList = 187B327489003FCA55B00C62 /* Build configuration list for PBXProject "PioneerCompanion" */;
			compatibilityVersion = "Xcode 14.0";
			developmentRegion = en;
			hasScannedForEncodings = 0;
			knownRegions = (
				en,
				Base,
			);
			mainGroup = 0D6E4079E36703EBD37C0072;
			productRefGroup = 0A3E27B8CA818264D75C8D81 /* Products */;
			projectDirPath = "";
			projectRoot = "";
			targets = (
				34A04005BCAF206EEC990BD9 /* PioneerCompanion */,
			);
		};
/* End PBXProject section */

/* Begin PBXResourcesBuildPhase section */
		41D311A605520FC7B8B9A980 /* Resources */ = {
			isa = PBXResourcesBuildPhase;
			buildActionMask = 2147483647;
			files = (
				8999CB8E81E97A17E9BF54F0 /* ../ui/dist-ipad in Resources */,
			);
			runOnlyForDeploymentPostprocessing = 0;
		};
/* End PBXResourcesBuildPhase section */

/* Begin PBXShellScriptBuildPhase section */
		21A0270B7F66A1E4C25933F1 /* Build Rust and bundled UI */ = {
			isa = PBXShellScriptBuildPhase;
			alwaysOutOfDate = 1;
			buildActionMask = 2147483647;
			files = (
			);
			inputPaths = (
			);
			name = "Build Rust and bundled UI";
			outputPaths = (
				"$(BUILT_PRODUCTS_DIR)/libpioneer_companion_host.a",
				"$(SRCROOT)/../ui/dist-ipad",
			);
			runOnlyForDeploymentPostprocessing = 0;
			shellPath = /bin/bash;
			shellScript = "/bin/bash \"$SRCROOT/../../scripts/build-ipad-assets.sh\"\n";
		};
/* End PBXShellScriptBuildPhase section */

/* Begin PBXSourcesBuildPhase section */
		878A52FC5FF6A57D50B7B870 /* Sources */ = {
			isa = PBXSourcesBuildPhase;
			buildActionMask = 2147483647;
			files = (
				CD1BA1C9604B794D71CD3CB4 /* PioneerCompanionApp.swift in Sources */,
			);
			runOnlyForDeploymentPostprocessing = 0;
		};
/* End PBXSourcesBuildPhase section */

/* Begin XCBuildConfiguration section */
		0B0C687DF8B6B8DC790B519C /* Release */ = {
			isa = XCBuildConfiguration;
			buildSettings = {
				CLANG_ENABLE_MODULES = YES;
				ENABLE_BITCODE = NO;
			};
			name = Release;
		};
		6C7EFF6369083C8E1F2B1994 /* Debug */ = {
			isa = XCBuildConfiguration;
			buildSettings = {
				CODE_SIGN_STYLE = Automatic;
				DEVELOPMENT_TEAM = ZK38W2935Y;
				ENABLE_USER_SCRIPT_SANDBOXING = NO;
				GENERATE_INFOPLIST_FILE = NO;
				INFOPLIST_FILE = App/Info.plist;
				IPHONEOS_DEPLOYMENT_TARGET = 17.6;
				LIBRARY_SEARCH_PATHS = (
					"$(inherited)",
					"$(BUILT_PRODUCTS_DIR)",
				);
				ONLY_ACTIVE_ARCH = YES;
				OTHER_LDFLAGS = (
					"$(inherited)",
					"-lpioneer_companion_host",
					"-lc++",
					"-framework",
					Security,
					"-framework",
					SystemConfiguration,
				);
				PRODUCT_BUNDLE_IDENTIFIER = local.pioneercompanion.preview;
				PRODUCT_NAME = "$(TARGET_NAME)";
				SDKROOT = iphoneos;
				SUPPORTED_PLATFORMS = "iphoneos iphonesimulator";
				SUPPORTS_MACCATALYST = NO;
				SUPPORTS_MAC_DESIGNED_FOR_IPHONE_IPAD = NO;
				SWIFT_OBJC_BRIDGING_HEADER = App/Bridge.h;
				SWIFT_OPTIMIZATION_LEVEL = "-Onone";
				SWIFT_VERSION = 5.0;
				TARGETED_DEVICE_FAMILY = 2;
			};
			name = Debug;
		};
		73EBF6644258C120893E685D /* Debug */ = {
			isa = XCBuildConfiguration;
			buildSettings = {
				CLANG_ENABLE_MODULES = YES;
				ENABLE_BITCODE = NO;
			};
			name = Debug;
		};
		DD75E2CB1C510A828AC72D96 /* Release */ = {
			isa = XCBuildConfiguration;
			buildSettings = {
				CODE_SIGN_STYLE = Automatic;
				DEVELOPMENT_TEAM = ZK38W2935Y;
				ENABLE_USER_SCRIPT_SANDBOXING = NO;
				GENERATE_INFOPLIST_FILE = NO;
				INFOPLIST_FILE = App/Info.plist;
				IPHONEOS_DEPLOYMENT_TARGET = 17.6;
				LIBRARY_SEARCH_PATHS = (
					"$(inherited)",
					"$(BUILT_PRODUCTS_DIR)",
				);
				ONLY_ACTIVE_ARCH = YES;
				OTHER_LDFLAGS = (
					"$(inherited)",
					"-lpioneer_companion_host",
					"-lc++",
					"-framework",
					Security,
					"-framework",
					SystemConfiguration,
				);
				PRODUCT_BUNDLE_IDENTIFIER = local.pioneercompanion.preview;
				PRODUCT_NAME = "$(TARGET_NAME)";
				SDKROOT = iphoneos;
				SUPPORTED_PLATFORMS = "iphoneos iphonesimulator";
				SUPPORTS_MACCATALYST = NO;
				SUPPORTS_MAC_DESIGNED_FOR_IPHONE_IPAD = NO;
				SWIFT_OBJC_BRIDGING_HEADER = App/Bridge.h;
				SWIFT_OPTIMIZATION_LEVEL = "-O";
				SWIFT_VERSION = 5.0;
				TARGETED_DEVICE_FAMILY = 2;
			};
			name = Release;
		};
/* End XCBuildConfiguration section */

/* Begin XCConfigurationList section */
		187B327489003FCA55B00C62 /* Build configuration list for PBXProject "PioneerCompanion" */ = {
			isa = XCConfigurationList;
			buildConfigurations = (
				73EBF6644258C120893E685D /* Debug */,
				0B0C687DF8B6B8DC790B519C /* Release */,
			);
			defaultConfigurationIsVisible = 0;
			defaultConfigurationName = Release;
		};
		DA6C49DB5A7137BA75102BE3 /* Build configuration list for PBXNativeTarget "PioneerCompanion" */ = {
			isa = XCConfigurationList;
			buildConfigurations = (
				6C7EFF6369083C8E1F2B1994 /* Debug */,
				DD75E2CB1C510A828AC72D96 /* Release */,
			);
			defaultConfigurationIsVisible = 0;
			defaultConfigurationName = Release;
		};
/* End XCConfigurationList section */
	};
	rootObject = 244210E48437B6556980A702 /* Project object */;
}
